
Microsoft Visual Studio Solution File, Format Version 12.00
# Visual Studio Version 17
VisualStudioVersion = 17.10.35201.131
MinimumVisualStudioVersion = 10.0.40219.1
Project("{FAE04EC0-301F-11D3-BF4B-00C04F79EFBC}") = "Startup", "Startup\Startup.csproj", "{DE2FC412-6239-442A-80AD-AE5E86A0ABD7}"
EndProject
Project("{FAE04EC0-301F-11D3-BF4B-00C04F79EFBC}") = "Startup.Domain", "Startup.Domain\Startup.Domain.csproj", "{053EAAF2-8C1B-44F2-9556-D7544B65B8A2}"
EndProject
Project("{FAE04EC0-301F-11D3-BF4B-00C04F79EFBC}") = "Statup.Infrastructure", "Statup.Infrastructure\Statup.Infrastructure.csproj", "{6B96D64D-EEAB-40A2-B665-095D76347F47}"
EndProject
Global
	GlobalSection(SolutionConfigurationPlatforms) = preSolution
		Debug|Any CPU = Debug|Any CPU
		Release|Any CPU = Release|Any CPU
	EndGlobalSection
	GlobalSection(ProjectConfigurationPlatforms) = postSolution
		{DE2FC412-6239-442A-80AD-AE5E86A0ABD7}.Debug|Any CPU.ActiveCfg = Debug|Any CPU
		{DE2FC412-6239-442A-80AD-AE5E86A0ABD7}.Debug|Any CPU.Build.0 = Debug|Any CPU
		{DE2FC412-6239-442A-80AD-AE5E86A0ABD7}.Release|Any CPU.ActiveCfg = Release|Any CPU
		{DE2FC412-6239-442A-80AD-AE5E86A0ABD7}.Release|Any CPU.Build.0 = Release|Any CPU
		{053EAAF2-8C1B-44F2-9556-D7544B65B8A2}.Debug|Any CPU.ActiveCfg = Debug|Any CPU
		{053EAAF2-8C1B-44F2-9556-D7544B65B8A2}.Debug|Any CPU.Build.0 = Debug|Any CPU
		{053EAAF2-8C1B-44F2-9556-D7544B65B8A2}.Release|Any CPU.ActiveCfg = Release|Any CPU
		{053EAAF2-8C1B-44F2-9556-D7544B65B8A2}.Release|Any CPU.Build.0 = Release|Any CPU
		{6B96D64D-EEAB-40A2-B665-095D76347F47}.Debug|Any CPU.ActiveCfg = Debug|Any CPU
		{6B96D64D-EEAB-40A2-B665-095D76347F47}.Debug|Any CPU.Build.0 = Debug|Any CPU
		{6B96D64D-EEAB-40A2-B665-095D76347F47}.Release|Any CPU.ActiveCfg = Release|Any CPU
		{6B96D64D-EEAB-40A2-B665-095D76347F47}.Release|Any CPU.Build.0 = Release|Any CPU
	EndGlobalSection
	GlobalSection(SolutionProperties) = preSolution
		HideSolutionNode = FALSE
	EndGlobalSection
	GlobalSection(ExtensibilityGlobals) = postSolution
		SolutionGuid = {8FDCB10A-BDCF-4987-9DEF-7F4BB09978A6}
	EndGlobalSection
EndGlobal
